// !$*UTF8*$!
{
	archiveVersion = 1;
	classes = {
	};
	objectVersion = 50;
	objects = {

/* Begin PBXBuildFile section */
		F80107D22538F0B2003BC70F /* AppDelegate.swift in Sources */ = {isa = PBXBuildFile; fileRef = F80107D12538F0B2003BC70F /* AppDelegate.swift */; };
		F80107D42538F0B2003BC70F /* SceneDelegate.swift in Sources */ = {isa = PBXBuildFile; fileRef = F80107D32538F0B2003BC70F /* SceneDelegate.swift */; };
		F80107D62538F0B2003BC70F /* ViewController.swift in Sources */ = {isa = PBXBuildFile; fileRef = F80107D52538F0B2003BC70F /* ViewController.swift */; };
		F80107D92538F0B2003BC70F /* Main.storyboard in Resources */ = {isa = PBXBuildFile; fileRef = F80107D72538F0B2003BC70F /* Main.storyboard */; };
		F80107DB2538F0B8003BC70F /* Assets.xcassets in Resources */ = {isa = PBXBuildFile; fileRef = F80107DA2538F0B8003BC70F /* Assets.xcassets */; };
		F80107DE2538F0B8003BC70F /* LaunchScreen.storyboard in Resources */ = {isa = PBXBuildFile; fileRef = F80107DC2538F0B8003BC70F /* LaunchScreen.storyboard */; };
		F80107E8253B3556003BC70F /* HonaGif.swift in Sources */ = {isa = PBXBuildFile; fileRef = F80107E7253B3556003BC70F /* HonaGif.swift */; };
		F80107EA253B367D003BC70F /* gifToImage.swift in Sources */ = {isa = PBXBuildFile; fileRef = F80107E9253B367D003BC70F /* gifToImage.swift */; };
		F80107EC253B3712003BC70F /* fishGif.gif in Resources */ = {isa = PBXBuildFile; fileRef = F80107EB253B3712003BC70F /* fishGif.gif */; };
		F815F2FC253B3CDC006A0C95 /* summer.gif in Resources */ = {isa = PBXBuildFile; fileRef = F815F2FB253B3CDB006A0C95 /* summer.gif */; };
		F815F2FE253B6F28006A0C95 /* DesignView.swift in Sources */ = {isa = PBXBuildFile; fileRef = F815F2FD253B6F28006A0C95 /* DesignView.swift */; };
/* End PBXBuildFile section */

/* Begin PBXFileReference section */
		F80107CE2538F0B2003BC70F /* Hona.app */ = {isa = PBXFileReference; explicitFileType = wrapper.application; includeInIndex = 0; path = Hona.app; sourceTree = BUILT_PRODUCTS_DIR; };
		F80107D12538F0B2003BC70F /* AppDelegate.swift */ = {isa = PBXFileReference; lastKnownFileType = sourcecode.swift; path = AppDelegate.swift; sourceTree = "<group>"; };
		F80107D32538F0B2003BC70F /* SceneDelegate.swift */ = {isa = PBXFileReference; lastKnownFileType = sourcecode.swift; path = SceneDelegate.swift; sourceTree = "<group>"; };
		F80107D52538F0B2003BC70F /* ViewController.swift */ = {isa = PBXFileReference; lastKnownFileType = sourcecode.swift; path = ViewController.swift; sourceTree = "<group>"; };
		F80107D82538F0B2003BC70F /* Base */ = {isa = PBXFileReference; lastKnownFileType = file.storyboard; name = Base; path = Base.lproj/Main.storyboard; sourceTree = "<group>"; };
		F80107DA2538F0B8003BC70F /* Assets.xcassets */ = {isa = PBXFileReference; lastKnownFileType = folder.assetcatalog; path = Assets.xcassets; sourceTree = "<group>"; };
		F80107DD2538F0B8003BC70F /* Base */ = {isa = PBXFileReference; lastKnownFileType = file.storyboard; name = Base; path = Base.lproj/LaunchScreen.storyboard; sourceTree = "<group>"; };
		F80107DF2538F0B8003BC70F /* Info.plist */ = {isa = PBXFileReference; lastKnownFileType = text.plist.xml; path = Info.plist; sourceTree = "<group>"; };
		F80107E7253B3556003BC70F /* HonaGif.swift */ = {isa = PBXFileReference; lastKnownFileType = sourcecode.swift; path = HonaGif.swift; sourceTree = "<group>"; };
		F80107E9253B367D003BC70F /* gifToImage.swift */ = {isa = PBXFileReference; fileEncoding = 4; lastKnownFileType = sourcecode.swift; name = gifToImage.swift; path = "../../../projects/ios-hw-4-part1/ios-hw-4-part1/gifToImage.swift"; sourceTree = "<group>"; };
		F80107EB253B3712003BC70F /* fishGif.gif */ = {isa = PBXFileReference; lastKnownFileType = image.gif; path = fishGif.gif; sourceTree = "<group>"; };
		F815F2FB253B3CDB006A0C95 /* summer.gif */ = {isa = PBXFileReference; lastKnownFileType = image.gif; path = summer.gif; sourceTree = "<group>"; };
		F815F2FD253B6F28006A0C95 /* DesignView.swift */ = {isa = PBXFileReference; lastKnownFileType = sourcecode.swift; path = DesignView.swift; sourceTree = "<group>"; };
/* End PBXFileReference section */

/* Begin PBXFrameworksBuildPhase section */
		F80107CB2538F0B2003BC70F /* Frameworks */ = {
			isa = PBXFrameworksBuildPhase;
			buildActionMask = 2147483647;
			files = (
			);
			runOnlyForDeploymentPostprocessing = 0;
		};
/* End PBXFrameworksBuildPhase section */

/* Begin PBXGroup section */
		F80107C52538F0B2003BC70F = {
			isa = PBXGroup;
			children = (
				F80107D02538F0B2003BC70F /* Hona */,
				F80107CF2538F0B2003BC70F /* Products */,
			);
			sourceTree = "<group>";
		};
		F80107CF2538F0B2003BC70F /* Products */ = {
			isa = PBXGroup;
			children = (
				F80107CE2538F0B2003BC70F /* Hona.app */,
			);
			name = Products;
			sourceTree = "<group>";
		};
		F80107D02538F0B2003BC70F /* Hona */ = {
			isa = PBXGroup;
			children = (
				F80107EB253B3712003BC70F /* fishGif.gif */,
				F815F2FB253B3CDB006A0C95 /* summer.gif */,
				F80107E6253B2D43003BC70F /* Views */,
				F80107E5253B2AAA003BC70F /* Models */,
				F80107D12538F0B2003BC70F /* AppDelegate.swift */,
				F80107D32538F0B2003BC70F /* SceneDelegate.swift */,
				F80107E9253B367D003BC70F /* gifToImage.swift */,
				F80107D52538F0B2003BC70F /* ViewController.swift */,
				F80107D72538F0B2003BC70F /* Main.storyboard */,
				F80107DA2538F0B8003BC70F /* Assets.xcassets */,
				F80107DC2538F0B8003BC70F /* LaunchScreen.storyboard */,
				F80107DF2538F0B8003BC70F /* Info.plist */,
				F815F2FD253B6F28006A0C95 /* DesignView.swift */,
			);
			path = Hona;
			sourceTree = "<group>";
		};
		F80107E5253B2AAA003BC70F /* Models */ = {
			isa = PBXGroup;
			children = (
			);
			path = Models;
			sourceTree = "<group>";
		};
		F80107E6253B2D43003BC70F /* Views */ = {
			isa = PBXGroup;
			children = (
				F80107E7253B3556003BC70F /* HonaGif.swift */,
			);
			path = Views;
			sourceTree = "<group>";
		};
/* End PBXGroup section */

/* Begin PBXNativeTarget section */
		F80107CD2538F0B2003BC70F /* Hona */ = {
			isa = PBXNativeTarget;
			buildConfigurationList = F80107E22538F0B8003BC70F /* Build configuration list for PBXNativeTarget "Hona" */;
			buildPhases = (
				F80107CA2538F0B2003BC70F /* Sources */,
				F80107CB2538F0B2003BC70F /* Frameworks */,
				F80107CC2538F0B2003BC70F /* Resources */,
			);
			buildRules = (
			);
			dependencies = (
			);
			name = Hona;
			productName = Hona;
			productReference = F80107CE2538F0B2003BC70F /* Hona.app */;
			productType = "com.apple.product-type.application";
		};
/* End PBXNativeTarget section */

/* Begin PBXProject section */
		F80107C62538F0B2003BC70F /* Project object */ = {
			isa = PBXProject;
			attributes = {
				LastSwiftUpdateCheck = 1150;
				LastUpgradeCheck = 1150;
				ORGANIZATIONNAME = ghanima;
				TargetAttributes = {
					F80107CD2538F0B2003BC70F = {
						CreatedOnToolsVersion = 11.5;
					};
				};
			};
			buildConfigurationList = F80107C92538F0B2003BC70F /* Build configuration list for PBXProject "Hona" */;
			compatibilityVersion = "Xcode 9.3";
			developmentRegion = en;
			hasScannedForEncodings = 0;
			knownRegions = (
				en,
				Base,
			);
			mainGroup = F80107C52538F0B2003BC70F;
			productRefGroup = F80107CF2538F0B2003BC70F /* Products */;
			projectDirPath = "";
			projectRoot = "";
			targets = (
				F80107CD2538F0B2003BC70F /* Hona */,
			);
		};
/* End PBXProject section */

/* Begin PBXResourcesBuildPhase section */
		F80107CC2538F0B2003BC70F /* Resources */ = {
			isa = PBXResourcesBuildPhase;
			buildActionMask = 2147483647;
			files = (
				F80107DE2538F0B8003BC70F /* LaunchScreen.storyboard in Resources */,
				F80107DB2538F0B8003BC70F /* Assets.xcassets in Resources */,
				F80107D92538F0B2003BC70F /* Main.storyboard in Resources */,
				F815F2FC253B3CDC006A0C95 /* summer.gif in Resources */,
				F80107EC253B3712003BC70F /* fishGif.gif in Resources */,
			);
			runOnlyForDeploymentPostprocessing = 0;
		};
/* End PBXResourcesBuildPhase section */

/* Begin PBXSourcesBuildPhase section */
		F80107CA2538F0B2003BC70F /* Sources */ = {
			isa = PBXSourcesBuildPhase;
			buildActionMask = 2147483647;
			files = (
				F80107E8253B3556003BC70F /* HonaGif.swift in Sources */,
				F80107D62538F0B2003BC70F /* ViewController.swift in Sources */,
				F815F2FE253B6F28006A0C95 /* DesignView.swift in Sources */,
				F80107EA253B367D003BC70F /* gifToImage.swift in Sources */,
				F80107D22538F0B2003BC70F /* AppDelegate.swift in Sources */,
				F80107D42538F0B2003BC70F /* SceneDelegate.swift in Sources */,
			);
			runOnlyForDeploymentPostprocessing = 0;
		};
/* End PBXSourcesBuildPhase section */

/* Begin PBXVariantGroup section */
		F80107D72538F0B2003BC70F /* Main.storyboard */ = {
			isa = PBXVariantGroup;
			children = (
				F80107D82538F0B2003BC70F /* Base */,
			);
			name = Main.storyboard;
			sourceTree = "<group>";
		};
		F80107DC2538F0B8003BC70F /* LaunchScreen.storyboard */ = {
			isa = PBXVariantGroup;
			children = (
				F80107DD2538F0B8003BC70F /* Base */,
			);
			name = LaunchScreen.storyboard;
			sourceTree = "<group>";
		};
/* End PBXVariantGroup section */

/* Begin XCBuildConfiguration section */
		F80107E02538F0B8003BC70F /* Debug */ = {
			isa = XCBuildConfiguration;
			buildSettings = {
				ALWAYS_SEARCH_USER_PATHS = NO;
				CLANG_ANALYZER_NONNULL = YES;
				CLANG_ANALYZER_NUMBER_OBJECT_CONVERSION = YES_AGGRESSIVE;
				CLANG_CXX_LANGUAGE_STANDARD = "gnu++14";
				CLANG_CXX_LIBRARY = "libc++";
				CLANG_ENABLE_MODULES = YES;
				CLANG_ENABLE_OBJC_ARC = YES;
				CLANG_ENABLE_OBJC_WEAK = YES;
				CLANG_WARN_BLOCK_CAPTURE_AUTORELEASING = YES;
				CLANG_WARN_BOOL_CONVERSION = YES;
				CLANG_WARN_COMMA = YES;
				CLANG_WARN_CONSTANT_CONVERSION = YES;
				CLANG_WARN_DEPRECATED_OBJC_IMPLEMENTATIONS = YES;
				CLANG_WARN_DIRECT_OBJC_ISA_USAGE = YES_ERROR;
				CLANG_WARN_DOCUMENTATION_COMMENTS = YES;
				CLANG_WARN_EMPTY_BODY = YES;
				CLANG_WARN_ENUM_CONVERSION = YES;
				CLANG_WARN_INFINITE_RECURSION = YES;
				CLANG_WARN_INT_CONVERSION = YES;
				CLANG_WARN_NON_LITERAL_NULL_CONVERSION = YES;
				CLANG_WARN_OBJC_IMPLICIT_RETAIN_SELF = YES;
				CLANG_WARN_OBJC_LITERAL_CONVERSION = YES;
				CLANG_WARN_OBJC_ROOT_CLASS = YES_ERROR;
				CLANG_WARN_RANGE_LOOP_ANALYSIS = YES;
				CLANG_WARN_STRICT_PROTOTYPES = YES;
				CLANG_WARN_SUSPICIOUS_MOVE = YES;
				CLANG_WARN_UNGUARDED_AVAILABILITY = YES_AGGRESSIVE;
				CLANG_WARN_UNREACHABLE_CODE = YES;
				CLANG_WARN__DUPLICATE_METHOD_MATCH = YES;
				COPY_PHASE_STRIP = NO;
				DEBUG_INFORMATION_FORMAT = dwarf;
				ENABLE_STRICT_OBJC_MSGSEND = YES;
				ENABLE_TESTABILITY = YES;
				GCC_C_LANGUAGE_STANDARD = gnu11;
				GCC_DYNAMIC_NO_PIC = NO;
				GCC_NO_COMMON_BLOCKS = YES;
				GCC_OPTIMIZATION_LEVEL = 0;
				GCC_PREPROCESSOR_DEFINITIONS = (
					"DEBUG=1",
					"$(inherited)",
				);
				GCC_WARN_64_TO_32_BIT_CONVERSION = YES;
				GCC_WARN_ABOUT_RETURN_TYPE = YES_ERROR;
				GCC_WARN_UNDECLARED_SELECTOR = YES;
				GCC_WARN_UNINITIALIZED_AUTOS = YES_AGGRESSIVE;
				GCC_WARN_UNUSED_FUNCTION = YES;
				GCC_WARN_UNUSED_VARIABLE = YES;
				IPHONEOS_DEPLOYMENT_TARGET = 13.5;
				MTL_ENABLE_DEBUG_INFO = INCLUDE_SOURCE;
				MTL_FAST_MATH = YES;
				ONLY_ACTIVE_ARCH = YES;
				SDKROOT = iphoneos;
				SWIFT_ACTIVE_COMPILATION_CONDITIONS = DEBUG;
				SWIFT_OPTIMIZATION_LEVEL = "-Onone";
			};
			name = Debug;
		};
		F80107E12538F0B8003BC70F /* Release */ = {
			isa = XCBuildConfiguration;
			buildSettings = {
				ALWAYS_SEARCH_USER_PATHS = NO;
				CLANG_ANALYZER_NONNULL = YES;
				CLANG_ANALYZER_NUMBER_OBJECT_CONVERSION = YES_AGGRESSIVE;
				CLANG_CXX_LANGUAGE_STANDARD = "gnu++14";
				CLANG_CXX_LIBRARY = "libc++";
				CLANG_ENABLE_MODULES = YES;
				CLANG_ENABLE_OBJC_ARC = YES;
				CLANG_ENABLE_OBJC_WEAK = YES;
				CLANG_WARN_BLOCK_CAPTURE_AUTORELEASING = YES;
				CLANG_WARN_BOOL_CONVERSION = YES;
				CLANG_WARN_COMMA = YES;
				CLANG_WARN_CONSTANT_CONVERSION = YES;
				CLANG_WARN_DEPRECATED_OBJC_IMPLEMENTATIONS = YES;
				CLANG_WARN_DIRECT_OBJC_ISA_USAGE = YES_ERROR;
				CLANG_WARN_DOCUMENTATION_COMMENTS = YES;
				CLANG_WARN_EMPTY_BODY = YES;
				CLANG_WARN_ENUM_CONVERSION = YES;
				CLANG_WARN_INFINITE_RECURSION = YES;
				CLANG_WARN_INT_CONVERSION = YES;
				CLANG_WARN_NON_LITERAL_NULL_CONVERSION = YES;
				CLANG_WARN_OBJC_IMPLICIT_RETAIN_SELF = YES;
				CLANG_WARN_OBJC_LITERAL_CONVERSION = YES;
				CLANG_WARN_OBJC_ROOT_CLASS = YES_ERROR;
				CLANG_WARN_RANGE_LOOP_ANALYSIS = YES;
				CLANG_WARN_STRICT_PROTOTYPES = YES;
				CLANG_WARN_SUSPICIOUS_MOVE = YES;
				CLANG_WARN_UNGUARDED_AVAILABILITY = YES_AGGRESSIVE;
				CLANG_WARN_UNREACHABLE_CODE = YES;
				CLANG_WARN__DUPLICATE_METHOD_MATCH = YES;
				COPY_PHASE_STRIP = NO;
				DEBUG_INFORMATION_FORMAT = "dwarf-with-dsym";
				ENABLE_NS_ASSERTIONS = NO;
				ENABLE_STRICT_OBJC_MSGSEND = YES;
				GCC_C_LANGUAGE_STANDARD = gnu11;
				GCC_NO_COMMON_BLOCKS = YES;
				GCC_WARN_64_TO_32_BIT_CONVERSION = YES;
				GCC_WARN_ABOUT_RETURN_TYPE = YES_ERROR;
				GCC_WARN_UNDECLARED_SELECTOR = YES;
				GCC_WARN_UNINITIALIZED_AUTOS = YES_AGGRESSIVE;
				GCC_WARN_UNUSED_FUNCTION = YES;
				GCC_WARN_UNUSED_VARIABLE = YES;
				IPHONEOS_DEPLOYMENT_TARGET = 13.5;
				MTL_ENABLE_DEBUG_INFO = NO;
				MTL_FAST_MATH = YES;
				SDKROOT = iphoneos;
				SWIFT_COMPILATION_MODE = wholemodule;
				SWIFT_OPTIMIZATION_LEVEL = "-O";
				VALIDATE_PRODUCT = YES;
			};
			name = Release;
		};
		F80107E32538F0B8003BC70F /* Debug */ = {
			isa = XCBuildConfiguration;
			buildSettings = {
				ASSETCATALOG_COMPILER_APPICON_NAME = AppIcon;
				CODE_SIGN_STYLE = Automatic;
				INFOPLIST_FILE = Hona/Info.plist;
				LD_RUNPATH_SEARCH_PATHS = (
					"$(inherited)",
					"@executable_path/Frameworks",
				);
				PRODUCT_BUNDLE_IDENTIFIER = com.kuwaitcodes.Hona;
				PRODUCT_NAME = "$(TARGET_NAME)";
				SWIFT_VERSION = 5.0;
				TARGETED_DEVICE_FAMILY = "1,2";
			};
			name = Debug;
		};
		F80107E42538F0B8003BC70F /* Release */ = {
			isa = XCBuildConfiguration;
			buildSettings = {
				ASSETCATALOG_COMPILER_APPICON_NAME = AppIcon;
				CODE_SIGN_STYLE = Automatic;
				INFOPLIST_FILE = Hona/Info.plist;
				LD_RUNPATH_SEARCH_PATHS = (
					"$(inherited)",
					"@executable_path/Frameworks",
				);
				PRODUCT_BUNDLE_IDENTIFIER = com.kuwaitcodes.Hona;
				PRODUCT_NAME = "$(TARGET_NAME)";
				SWIFT_VERSION = 5.0;
				TARGETED_DEVICE_FAMILY = "1,2";
			};
			name = Release;
		};
/* End XCBuildConfiguration section */

/* Begin XCConfigurationList section */
		F80107C92538F0B2003BC70F /* Build configuration list for PBXProject "Hona" */ = {
			isa = XCConfigurationList;
			buildConfigurations = (
				F80107E02538F0B8003BC70F /* Debug */,
				F80107E12538F0B8003BC70F /* Release */,
			);
			defaultConfigurationIsVisible = 0;
			defaultConfigurationName = Release;
		};
		F80107E22538F0B8003BC70F /* Build configuration list for PBXNativeTarget "Hona" */ = {
			isa = XCConfigurationList;
			buildConfigurations = (
				F80107E32538F0B8003BC70F /* Debug */,
				F80107E42538F0B8003BC70F /* Release */,
			);
			defaultConfigurationIsVisible = 0;
			defaultConfigurationName = Release;
		};
/* End XCConfigurationList section */
	};
	rootObject = F80107C62538F0B2003BC70F /* Project object */;
}
