// !$*UTF8*$!
{
	archiveVersion = 1;
	classes = {
	};
	objectVersion = 51;
	objects = {

/* Begin PBXBuildFile section */
		B961F39278239A66C7AA8B8E /* Pods_Hona.framework in Frameworks */ = {isa = PBXBuildFile; fileRef = 110332359923317929703B21 /* Pods_Hona.framework */; };
		F80107D22538F0B2003BC70F /* AppDelegate.swift in Sources */ = {isa = PBXBuildFile; fileRef = F80107D12538F0B2003BC70F /* AppDelegate.swift */; };
		F80107D42538F0B2003BC70F /* SceneDelegate.swift in Sources */ = {isa = PBXBuildFile; fileRef = F80107D32538F0B2003BC70F /* SceneDelegate.swift */; };
		F80107D62538F0B2003BC70F /* ViewController.swift in Sources */ = {isa = PBXBuildFile; fileRef = F80107D52538F0B2003BC70F /* ViewController.swift */; };
		F80107D92538F0B2003BC70F /* Main.storyboard in Resources */ = {isa = PBXBuildFile; fileRef = F80107D72538F0B2003BC70F /* Main.storyboard */; };
		F80107DB2538F0B8003BC70F /* Assets.xcassets in Resources */ = {isa = PBXBuildFile; fileRef = F80107DA2538F0B8003BC70F /* Assets.xcassets */; };
		F80107DE2538F0B8003BC70F /* LaunchScreen.storyboard in Resources */ = {isa = PBXBuildFile; fileRef = F80107DC2538F0B8003BC70F /* LaunchScreen.storyboard */; };
		F80107E8253B3556003BC70F /* HonaGif.swift in Sources */ = {isa = PBXBuildFile; fileRef = F80107E7253B3556003BC70F /* HonaGif.swift */; };
		F815F2FC253B3CDC006A0C95 /* summer.gif in Resources */ = {isa = PBXBuildFile; fileRef = F815F2FB253B3CDB006A0C95 /* summer.gif */; };
		F815F2FE253B6F28006A0C95 /* DesignView.swift in Sources */ = {isa = PBXBuildFile; fileRef = F815F2FD253B6F28006A0C95 /* DesignView.swift */; };
		F815F304253B89A6006A0C95 /* gifToImage.swift in Sources */ = {isa = PBXBuildFile; fileRef = F815F303253B896B006A0C95 /* gifToImage.swift */; };
		F815F306253B8AB9006A0C95 /* plant.gif in Resources */ = {isa = PBXBuildFile; fileRef = F815F305253B8AB9006A0C95 /* plant.gif */; };
		F815F308253B8AFC006A0C95 /* SignUpVC.swift in Sources */ = {isa = PBXBuildFile; fileRef = F815F307253B8AFC006A0C95 /* SignUpVC.swift */; };
		F815F30A253B8E46006A0C95 /* thumbsup.gif in Resources */ = {isa = PBXBuildFile; fileRef = F815F309253B8E45006A0C95 /* thumbsup.gif */; };
		F815F30C253B9E48006A0C95 /* DesignableView.swift in Sources */ = {isa = PBXBuildFile; fileRef = F815F30B253B9E48006A0C95 /* DesignableView.swift */; };
		F815F316253CBB2B006A0C95 /* ProfileVC.swift in Sources */ = {isa = PBXBuildFile; fileRef = F815F315253CBB2A006A0C95 /* ProfileVC.swift */; };
		F815F319254341FA006A0C95 /* Pic.swift in Sources */ = {isa = PBXBuildFile; fileRef = F815F318254341FA006A0C95 /* Pic.swift */; };
		F815F31B25434241006A0C95 /* Background.swift in Sources */ = {isa = PBXBuildFile; fileRef = F815F31A25434241006A0C95 /* Background.swift */; };
		F815F31D25434286006A0C95 /* Song.swift in Sources */ = {isa = PBXBuildFile; fileRef = F815F31C25434286006A0C95 /* Song.swift */; };
		F815F31F25434358006A0C95 /* Emoji.swift in Sources */ = {isa = PBXBuildFile; fileRef = F815F31E25434358006A0C95 /* Emoji.swift */; };
		F815F32125434399006A0C95 /* Country.swift in Sources */ = {isa = PBXBuildFile; fileRef = F815F32025434399006A0C95 /* Country.swift */; };
		F815F323254343DE006A0C95 /* User.swift in Sources */ = {isa = PBXBuildFile; fileRef = F815F322254343DE006A0C95 /* User.swift */; };
		F815F325254345FE006A0C95 /* UserDataSet.swift in Sources */ = {isa = PBXBuildFile; fileRef = F815F324254345FE006A0C95 /* UserDataSet.swift */; };
		F851C73C25445CA000D0676C /* SideMenu.swift in Sources */ = {isa = PBXBuildFile; fileRef = F851C73B25445CA000D0676C /* SideMenu.swift */; };
		F851C73E25445EB600D0676C /* InfoViewController.swift in Sources */ = {isa = PBXBuildFile; fileRef = F851C73D25445EB600D0676C /* InfoViewController.swift */; };
		F851C74025445EF000D0676C /* SettingsViewController.swift in Sources */ = {isa = PBXBuildFile; fileRef = F851C73F25445EF000D0676C /* SettingsViewController.swift */; };
		F851C7422544732700D0676C /* OtherUsersViewController.swift in Sources */ = {isa = PBXBuildFile; fileRef = F851C7412544732700D0676C /* OtherUsersViewController.swift */; };
		F851C74A2544E2DF00D0676C /* ItemCollectionViewCell.swift in Sources */ = {isa = PBXBuildFile; fileRef = F851C7482544E2DF00D0676C /* ItemCollectionViewCell.swift */; };
		F851C74B2544E2DF00D0676C /* ItemCollectionViewCell.xib in Resources */ = {isa = PBXBuildFile; fileRef = F851C7492544E2DF00D0676C /* ItemCollectionViewCell.xib */; };
		F851C74D254586E300D0676C /* ImageViewerViewController.swift in Sources */ = {isa = PBXBuildFile; fileRef = F851C74C254586E300D0676C /* ImageViewerViewController.swift */; };
		F851C74F2545EBA800D0676C /* RoundButton.swift in Sources */ = {isa = PBXBuildFile; fileRef = F851C74E2545EBA700D0676C /* RoundButton.swift */; };
		F851C7512545F84B00D0676C /* CircularImageView.swift in Sources */ = {isa = PBXBuildFile; fileRef = F851C7502545F84B00D0676C /* CircularImageView.swift */; };
		F851C7552545FF2700D0676C /* gif3.gif in Resources */ = {isa = PBXBuildFile; fileRef = F851C7522545FF2700D0676C /* gif3.gif */; };
		F851C7562545FF2700D0676C /* gif1.gif in Resources */ = {isa = PBXBuildFile; fileRef = F851C7532545FF2700D0676C /* gif1.gif */; };
		F851C7572545FF2700D0676C /* gif2.gif in Resources */ = {isa = PBXBuildFile; fileRef = F851C7542545FF2700D0676C /* gif2.gif */; };
		F851C75D2545FF4000D0676C /* gif8.gif in Resources */ = {isa = PBXBuildFile; fileRef = F851C7582545FF3D00D0676C /* gif8.gif */; };
		F851C75E2545FF4000D0676C /* gif4.gif in Resources */ = {isa = PBXBuildFile; fileRef = F851C7592545FF3E00D0676C /* gif4.gif */; };
		F851C75F2545FF4000D0676C /* gif6.gif in Resources */ = {isa = PBXBuildFile; fileRef = F851C75A2545FF3E00D0676C /* gif6.gif */; };
		F851C7602545FF4000D0676C /* gif7.gif in Resources */ = {isa = PBXBuildFile; fileRef = F851C75B2545FF3F00D0676C /* gif7.gif */; };
		F851C7612545FF4000D0676C /* gif5.gif in Resources */ = {isa = PBXBuildFile; fileRef = F851C75C2545FF3F00D0676C /* gif5.gif */; };
		F851C76325472A7B00D0676C /* CustomLayout.swift in Sources */ = {isa = PBXBuildFile; fileRef = F851C76225472A7A00D0676C /* CustomLayout.swift */; };
/* End PBXBuildFile section */

/* Begin PBXFileReference section */
		110332359923317929703B21 /* Pods_Hona.framework */ = {isa = PBXFileReference; explicitFileType = wrapper.framework; includeInIndex = 0; path = Pods_Hona.framework; sourceTree = BUILT_PRODUCTS_DIR; };
		23B993B9241078989A16DF7F /* Pods-Hona.release.xcconfig */ = {isa = PBXFileReference; includeInIndex = 1; lastKnownFileType = text.xcconfig; name = "Pods-Hona.release.xcconfig"; path = "Target Support Files/Pods-Hona/Pods-Hona.release.xcconfig"; sourceTree = "<group>"; };
		31E1E04CF07F07FA30B52E7C /* Pods-Hona.debug.xcconfig */ = {isa = PBXFileReference; includeInIndex = 1; lastKnownFileType = text.xcconfig; name = "Pods-Hona.debug.xcconfig"; path = "Target Support Files/Pods-Hona/Pods-Hona.debug.xcconfig"; sourceTree = "<group>"; };
		F80107CE2538F0B2003BC70F /* Hona.app */ = {isa = PBXFileReference; explicitFileType = wrapper.application; includeInIndex = 0; path = Hona.app; sourceTree = BUILT_PRODUCTS_DIR; };
		F80107D12538F0B2003BC70F /* AppDelegate.swift */ = {isa = PBXFileReference; lastKnownFileType = sourcecode.swift; path = AppDelegate.swift; sourceTree = "<group>"; };
		F80107D32538F0B2003BC70F /* SceneDelegate.swift */ = {isa = PBXFileReference; lastKnownFileType = sourcecode.swift; path = SceneDelegate.swift; sourceTree = "<group>"; };
		F80107D52538F0B2003BC70F /* ViewController.swift */ = {isa = PBXFileReference; lastKnownFileType = sourcecode.swift; path = ViewController.swift; sourceTree = "<group>"; };
		F80107D82538F0B2003BC70F /* Base */ = {isa = PBXFileReference; lastKnownFileType = file.storyboard; name = Base; path = Base.lproj/Main.storyboard; sourceTree = "<group>"; };
		F80107DA2538F0B8003BC70F /* Assets.xcassets */ = {isa = PBXFileReference; lastKnownFileType = folder.assetcatalog; path = Assets.xcassets; sourceTree = "<group>"; };
		F80107DD2538F0B8003BC70F /* Base */ = {isa = PBXFileReference; lastKnownFileType = file.storyboard; name = Base; path = Base.lproj/LaunchScreen.storyboard; sourceTree = "<group>"; };
		F80107DF2538F0B8003BC70F /* Info.plist */ = {isa = PBXFileReference; lastKnownFileType = text.plist.xml; path = Info.plist; sourceTree = "<group>"; };
		F80107E7253B3556003BC70F /* HonaGif.swift */ = {isa = PBXFileReference; lastKnownFileType = sourcecode.swift; path = HonaGif.swift; sourceTree = "<group>"; };
		F815F2FB253B3CDB006A0C95 /* summer.gif */ = {isa = PBXFileReference; lastKnownFileType = image.gif; path = summer.gif; sourceTree = "<group>"; };
		F815F2FD253B6F28006A0C95 /* DesignView.swift */ = {isa = PBXFileReference; lastKnownFileType = sourcecode.swift; path = DesignView.swift; sourceTree = "<group>"; };
		F815F303253B896B006A0C95 /* gifToImage.swift */ = {isa = PBXFileReference; lastKnownFileType = sourcecode.swift; path = gifToImage.swift; sourceTree = "<group>"; };
		F815F305253B8AB9006A0C95 /* plant.gif */ = {isa = PBXFileReference; lastKnownFileType = image.gif; path = plant.gif; sourceTree = "<group>"; };
		F815F307253B8AFC006A0C95 /* SignUpVC.swift */ = {isa = PBXFileReference; lastKnownFileType = sourcecode.swift; path = SignUpVC.swift; sourceTree = "<group>"; };
		F815F309253B8E45006A0C95 /* thumbsup.gif */ = {isa = PBXFileReference; lastKnownFileType = image.gif; path = thumbsup.gif; sourceTree = "<group>"; };
		F815F30B253B9E48006A0C95 /* DesignableView.swift */ = {isa = PBXFileReference; lastKnownFileType = sourcecode.swift; path = DesignableView.swift; sourceTree = "<group>"; };
		F815F315253CBB2A006A0C95 /* ProfileVC.swift */ = {isa = PBXFileReference; lastKnownFileType = sourcecode.swift; path = ProfileVC.swift; sourceTree = "<group>"; };
		F815F318254341FA006A0C95 /* Pic.swift */ = {isa = PBXFileReference; lastKnownFileType = sourcecode.swift; path = Pic.swift; sourceTree = "<group>"; };
		F815F31A25434241006A0C95 /* Background.swift */ = {isa = PBXFileReference; lastKnownFileType = sourcecode.swift; path = Background.swift; sourceTree = "<group>"; };
		F815F31C25434286006A0C95 /* Song.swift */ = {isa = PBXFileReference; lastKnownFileType = sourcecode.swift; path = Song.swift; sourceTree = "<group>"; };
		F815F31E25434358006A0C95 /* Emoji.swift */ = {isa = PBXFileReference; lastKnownFileType = sourcecode.swift; path = Emoji.swift; sourceTree = "<group>"; };
		F815F32025434399006A0C95 /* Country.swift */ = {isa = PBXFileReference; lastKnownFileType = sourcecode.swift; path = Country.swift; sourceTree = "<group>"; };
		F815F322254343DE006A0C95 /* User.swift */ = {isa = PBXFileReference; lastKnownFileType = sourcecode.swift; path = User.swift; sourceTree = "<group>"; };
		F815F324254345FE006A0C95 /* UserDataSet.swift */ = {isa = PBXFileReference; lastKnownFileType = sourcecode.swift; path = UserDataSet.swift; sourceTree = "<group>"; };
		F851C73B25445CA000D0676C /* SideMenu.swift */ = {isa = PBXFileReference; lastKnownFileType = sourcecode.swift; path = SideMenu.swift; sourceTree = "<group>"; };
		F851C73D25445EB600D0676C /* InfoViewController.swift */ = {isa = PBXFileReference; lastKnownFileType = sourcecode.swift; path = InfoViewController.swift; sourceTree = "<group>"; };
		F851C73F25445EF000D0676C /* SettingsViewController.swift */ = {isa = PBXFileReference; lastKnownFileType = sourcecode.swift; path = SettingsViewController.swift; sourceTree = "<group>"; };
		F851C7412544732700D0676C /* OtherUsersViewController.swift */ = {isa = PBXFileReference; lastKnownFileType = sourcecode.swift; path = OtherUsersViewController.swift; sourceTree = "<group>"; };
		F851C7482544E2DF00D0676C /* ItemCollectionViewCell.swift */ = {isa = PBXFileReference; lastKnownFileType = sourcecode.swift; path = ItemCollectionViewCell.swift; sourceTree = "<group>"; };
		F851C7492544E2DF00D0676C /* ItemCollectionViewCell.xib */ = {isa = PBXFileReference; lastKnownFileType = file.xib; path = ItemCollectionViewCell.xib; sourceTree = "<group>"; };
		F851C74C254586E300D0676C /* ImageViewerViewController.swift */ = {isa = PBXFileReference; lastKnownFileType = sourcecode.swift; path = ImageViewerViewController.swift; sourceTree = "<group>"; };
		F851C74E2545EBA700D0676C /* RoundButton.swift */ = {isa = PBXFileReference; lastKnownFileType = sourcecode.swift; path = RoundButton.swift; sourceTree = "<group>"; };
		F851C7502545F84B00D0676C /* CircularImageView.swift */ = {isa = PBXFileReference; lastKnownFileType = sourcecode.swift; path = CircularImageView.swift; sourceTree = "<group>"; };
		F851C7522545FF2700D0676C /* gif3.gif */ = {isa = PBXFileReference; lastKnownFileType = image.gif; path = gif3.gif; sourceTree = "<group>"; };
		F851C7532545FF2700D0676C /* gif1.gif */ = {isa = PBXFileReference; lastKnownFileType = image.gif; path = gif1.gif; sourceTree = "<group>"; };
		F851C7542545FF2700D0676C /* gif2.gif */ = {isa = PBXFileReference; lastKnownFileType = image.gif; path = gif2.gif; sourceTree = "<group>"; };
		F851C7582545FF3D00D0676C /* gif8.gif */ = {isa = PBXFileReference; lastKnownFileType = image.gif; path = gif8.gif; sourceTree = "<group>"; };
		F851C7592545FF3E00D0676C /* gif4.gif */ = {isa = PBXFileReference; lastKnownFileType = image.gif; path = gif4.gif; sourceTree = "<group>"; };
		F851C75A2545FF3E00D0676C /* gif6.gif */ = {isa = PBXFileReference; lastKnownFileType = image.gif; path = gif6.gif; sourceTree = "<group>"; };
		F851C75B2545FF3F00D0676C /* gif7.gif */ = {isa = PBXFileReference; lastKnownFileType = image.gif; path = gif7.gif; sourceTree = "<group>"; };
		F851C75C2545FF3F00D0676C /* gif5.gif */ = {isa = PBXFileReference; lastKnownFileType = image.gif; path = gif5.gif; sourceTree = "<group>"; };
		F851C76225472A7A00D0676C /* CustomLayout.swift */ = {isa = PBXFileReference; lastKnownFileType = sourcecode.swift; path = CustomLayout.swift; sourceTree = "<group>"; };
/* End PBXFileReference section */

/* Begin PBXFrameworksBuildPhase section */
		F80107CB2538F0B2003BC70F /* Frameworks */ = {
			isa = PBXFrameworksBuildPhase;
			buildActionMask = 2147483647;
			files = (
				B961F39278239A66C7AA8B8E /* Pods_Hona.framework in Frameworks */,
			);
			runOnlyForDeploymentPostprocessing = 0;
		};
/* End PBXFrameworksBuildPhase section */

/* Begin PBXGroup section */
		29430C419D48E47F4F5E0AA9 /* Frameworks */ = {
			isa = PBXGroup;
			children = (
				110332359923317929703B21 /* Pods_Hona.framework */,
			);
			name = Frameworks;
			sourceTree = "<group>";
		};
		BEE785A5449E1340EEC68D17 /* Pods */ = {
			isa = PBXGroup;
			children = (
				31E1E04CF07F07FA30B52E7C /* Pods-Hona.debug.xcconfig */,
				23B993B9241078989A16DF7F /* Pods-Hona.release.xcconfig */,
			);
			path = Pods;
			sourceTree = "<group>";
		};
		F80107C52538F0B2003BC70F = {
			isa = PBXGroup;
			children = (
				F80107D02538F0B2003BC70F /* Hona */,
				F80107CF2538F0B2003BC70F /* Products */,
				BEE785A5449E1340EEC68D17 /* Pods */,
				29430C419D48E47F4F5E0AA9 /* Frameworks */,
			);
			sourceTree = "<group>";
		};
		F80107CF2538F0B2003BC70F /* Products */ = {
			isa = PBXGroup;
			children = (
				F80107CE2538F0B2003BC70F /* Hona.app */,
			);
			name = Products;
			sourceTree = "<group>";
		};
		F80107D02538F0B2003BC70F /* Hona */ = {
			isa = PBXGroup;
			children = (
				F851C7432544A1B800D0676C /* Views */,
				F815F302253B8932006A0C95 /* UI */,
				F80107E6253B2D43003BC70F /* Authentication */,
				F80107E5253B2AAA003BC70F /* Models */,
				F80107D32538F0B2003BC70F /* SceneDelegate.swift */,
				F80107D12538F0B2003BC70F /* AppDelegate.swift */,
				F80107D72538F0B2003BC70F /* Main.storyboard */,
				F80107DA2538F0B8003BC70F /* Assets.xcassets */,
				F80107DC2538F0B8003BC70F /* LaunchScreen.storyboard */,
				F80107DF2538F0B8003BC70F /* Info.plist */,
			);
			path = Hona;
			sourceTree = "<group>";
		};
		F80107E5253B2AAA003BC70F /* Models */ = {
			isa = PBXGroup;
			children = (
				F815F318254341FA006A0C95 /* Pic.swift */,
				F815F31A25434241006A0C95 /* Background.swift */,
				F815F31C25434286006A0C95 /* Song.swift */,
				F815F31E25434358006A0C95 /* Emoji.swift */,
				F815F32025434399006A0C95 /* Country.swift */,
				F815F322254343DE006A0C95 /* User.swift */,
				F815F324254345FE006A0C95 /* UserDataSet.swift */,
			);
			path = Models;
			sourceTree = "<group>";
		};
		F80107E6253B2D43003BC70F /* Authentication */ = {
			isa = PBXGroup;
			children = (
				F80107D52538F0B2003BC70F /* ViewController.swift */,
				F80107E7253B3556003BC70F /* HonaGif.swift */,
				F815F307253B8AFC006A0C95 /* SignUpVC.swift */,
				F815F315253CBB2A006A0C95 /* ProfileVC.swift */,
				F851C73D25445EB600D0676C /* InfoViewController.swift */,
				F851C73F25445EF000D0676C /* SettingsViewController.swift */,
				F851C73B25445CA000D0676C /* SideMenu.swift */,
				F851C7412544732700D0676C /* OtherUsersViewController.swift */,
			);
			path = Authentication;
			sourceTree = "<group>";
		};
		F815F302253B8932006A0C95 /* UI */ = {
			isa = PBXGroup;
			children = (
				F851C7592545FF3E00D0676C /* gif4.gif */,
				F851C75C2545FF3F00D0676C /* gif5.gif */,
				F851C75A2545FF3E00D0676C /* gif6.gif */,
				F851C75B2545FF3F00D0676C /* gif7.gif */,
				F851C7582545FF3D00D0676C /* gif8.gif */,
				F815F305253B8AB9006A0C95 /* plant.gif */,
				F851C7532545FF2700D0676C /* gif1.gif */,
				F851C7542545FF2700D0676C /* gif2.gif */,
				F851C7522545FF2700D0676C /* gif3.gif */,
				F815F2FB253B3CDB006A0C95 /* summer.gif */,
				F815F309253B8E45006A0C95 /* thumbsup.gif */,
				F815F2FD253B6F28006A0C95 /* DesignView.swift */,
				F815F303253B896B006A0C95 /* gifToImage.swift */,
				F815F30B253B9E48006A0C95 /* DesignableView.swift */,
				F851C74E2545EBA700D0676C /* RoundButton.swift */,
				F851C7502545F84B00D0676C /* CircularImageView.swift */,
				F851C76225472A7A00D0676C /* CustomLayout.swift */,
			);
			path = UI;
			sourceTree = "<group>";
		};
		F851C7432544A1B800D0676C /* Views */ = {
			isa = PBXGroup;
			children = (
				F851C7482544E2DF00D0676C /* ItemCollectionViewCell.swift */,
				F851C7492544E2DF00D0676C /* ItemCollectionViewCell.xib */,
				F851C74C254586E300D0676C /* ImageViewerViewController.swift */,
			);
			path = Views;
			sourceTree = "<group>";
		};
/* End PBXGroup section */

/* Begin PBXNativeTarget section */
		F80107CD2538F0B2003BC70F /* Hona */ = {
			isa = PBXNativeTarget;
			buildConfigurationList = F80107E22538F0B8003BC70F /* Build configuration list for PBXNativeTarget "Hona" */;
			buildPhases = (
				2A4AD89C179421B9B6BE0FB8 /* [CP] Check Pods Manifest.lock */,
				F80107CA2538F0B2003BC70F /* Sources */,
				F80107CB2538F0B2003BC70F /* Frameworks */,
				F80107CC2538F0B2003BC70F /* Resources */,
				68493BDD25EB7B71B77A5B02 /* [CP] Embed Pods Frameworks */,
			);
			buildRules = (
			);
			dependencies = (
			);
			name = Hona;
			productName = Hona;
			productReference = F80107CE2538F0B2003BC70F /* Hona.app */;
			productType = "com.apple.product-type.application";
		};
/* End PBXNativeTarget section */

/* Begin PBXProject section */
		F80107C62538F0B2003BC70F /* Project object */ = {
			isa = PBXProject;
			attributes = {
				LastSwiftUpdateCheck = 1150;
				LastUpgradeCheck = 1150;
				ORGANIZATIONNAME = ghanima;
				TargetAttributes = {
					F80107CD2538F0B2003BC70F = {
						CreatedOnToolsVersion = 11.5;
					};
				};
			};
			buildConfigurationList = F80107C92538F0B2003BC70F /* Build configuration list for PBXProject "Hona" */;
			compatibilityVersion = "Xcode 9.3";
			developmentRegion = en;
			hasScannedForEncodings = 0;
			knownRegions = (
				en,
				Base,
			);
			mainGroup = F80107C52538F0B2003BC70F;
			productRefGroup = F80107CF2538F0B2003BC70F /* Products */;
			projectDirPath = "";
			projectRoot = "";
			targets = (
				F80107CD2538F0B2003BC70F /* Hona */,
			);
		};
/* End PBXProject section */

/* Begin PBXResourcesBuildPhase section */
		F80107CC2538F0B2003BC70F /* Resources */ = {
			isa = PBXResourcesBuildPhase;
			buildActionMask = 2147483647;
			files = (
				F80107DE2538F0B8003BC70F /* LaunchScreen.storyboard in Resources */,
				F80107DB2538F0B8003BC70F /* Assets.xcassets in Resources */,
				F851C7572545FF2700D0676C /* gif2.gif in Resources */,
				F815F30A253B8E46006A0C95 /* thumbsup.gif in Resources */,
				F851C74B2544E2DF00D0676C /* ItemCollectionViewCell.xib in Resources */,
				F815F306253B8AB9006A0C95 /* plant.gif in Resources */,
				F851C7552545FF2700D0676C /* gif3.gif in Resources */,
				F851C7612545FF4000D0676C /* gif5.gif in Resources */,
				F80107D92538F0B2003BC70F /* Main.storyboard in Resources */,
				F851C7562545FF2700D0676C /* gif1.gif in Resources */,
				F815F2FC253B3CDC006A0C95 /* summer.gif in Resources */,
				F851C75E2545FF4000D0676C /* gif4.gif in Resources */,
				F851C7602545FF4000D0676C /* gif7.gif in Resources */,
				F851C75F2545FF4000D0676C /* gif6.gif in Resources */,
				F851C75D2545FF4000D0676C /* gif8.gif in Resources */,
			);
			runOnlyForDeploymentPostprocessing = 0;
		};
/* End PBXResourcesBuildPhase section */

/* Begin PBXShellScriptBuildPhase section */
		2A4AD89C179421B9B6BE0FB8 /* [CP] Check Pods Manifest.lock */ = {
			isa = PBXShellScriptBuildPhase;
			buildActionMask = 2147483647;
			files = (
			);
			inputFileListPaths = (
			);
			inputPaths = (
				"${PODS_PODFILE_DIR_PATH}/Podfile.lock",
				"${PODS_ROOT}/Manifest.lock",
			);
			name = "[CP] Check Pods Manifest.lock";
			outputFileListPaths = (
			);
			outputPaths = (
				"$(DERIVED_FILE_DIR)/Pods-Hona-checkManifestLockResult.txt",
			);
			runOnlyForDeploymentPostprocessing = 0;
			shellPath = /bin/sh;
			shellScript = "diff \"${PODS_PODFILE_DIR_PATH}/Podfile.lock\" \"${PODS_ROOT}/Manifest.lock\" > /dev/null\nif [ $? != 0 ] ; then\n    # print error to STDERR\n    echo \"error: The sandbox is not in sync with the Podfile.lock. Run 'pod install' or update your CocoaPods installation.\" >&2\n    exit 1\nfi\n# This output is used by Xcode 'outputs' to avoid re-running this script phase.\necho \"SUCCESS\" > \"${SCRIPT_OUTPUT_FILE_0}\"\n";
			showEnvVarsInLog = 0;
		};
		68493BDD25EB7B71B77A5B02 /* [CP] Embed Pods Frameworks */ = {
			isa = PBXShellScriptBuildPhase;
			buildActionMask = 2147483647;
			files = (
			);
			inputFileListPaths = (
				"${PODS_ROOT}/Target Support Files/Pods-Hona/Pods-Hona-frameworks-${CONFIGURATION}-input-files.xcfilelist",
			);
			name = "[CP] Embed Pods Frameworks";
			outputFileListPaths = (
				"${PODS_ROOT}/Target Support Files/Pods-Hona/Pods-Hona-frameworks-${CONFIGURATION}-output-files.xcfilelist",
			);
			runOnlyForDeploymentPostprocessing = 0;
			shellPath = /bin/sh;
			shellScript = "\"${PODS_ROOT}/Target Support Files/Pods-Hona/Pods-Hona-frameworks.sh\"\n";
			showEnvVarsInLog = 0;
		};
/* End PBXShellScriptBuildPhase section */

/* Begin PBXSourcesBuildPhase section */
		F80107CA2538F0B2003BC70F /* Sources */ = {
			isa = PBXSourcesBuildPhase;
			buildActionMask = 2147483647;
			files = (
				F815F32125434399006A0C95 /* Country.swift in Sources */,
				F851C76325472A7B00D0676C /* CustomLayout.swift in Sources */,
				F815F325254345FE006A0C95 /* UserDataSet.swift in Sources */,
				F815F31D25434286006A0C95 /* Song.swift in Sources */,
				F815F31B25434241006A0C95 /* Background.swift in Sources */,
				F851C74D254586E300D0676C /* ImageViewerViewController.swift in Sources */,
				F851C73E25445EB600D0676C /* InfoViewController.swift in Sources */,
				F851C74025445EF000D0676C /* SettingsViewController.swift in Sources */,
				F851C74A2544E2DF00D0676C /* ItemCollectionViewCell.swift in Sources */,
				F815F319254341FA006A0C95 /* Pic.swift in Sources */,
				F815F316253CBB2B006A0C95 /* ProfileVC.swift in Sources */,
				F815F30C253B9E48006A0C95 /* DesignableView.swift in Sources */,
				F815F308253B8AFC006A0C95 /* SignUpVC.swift in Sources */,
				F851C73C25445CA000D0676C /* SideMenu.swift in Sources */,
				F851C7512545F84B00D0676C /* CircularImageView.swift in Sources */,
				F80107E8253B3556003BC70F /* HonaGif.swift in Sources */,
				F815F323254343DE006A0C95 /* User.swift in Sources */,
				F80107D62538F0B2003BC70F /* ViewController.swift in Sources */,
				F815F2FE253B6F28006A0C95 /* DesignView.swift in Sources */,
				F851C74F2545EBA800D0676C /* RoundButton.swift in Sources */,
				F80107D22538F0B2003BC70F /* AppDelegate.swift in Sources */,
				F851C7422544732700D0676C /* OtherUsersViewController.swift in Sources */,
				F80107D42538F0B2003BC70F /* SceneDelegate.swift in Sources */,
				F815F31F25434358006A0C95 /* Emoji.swift in Sources */,
				F815F304253B89A6006A0C95 /* gifToImage.swift in Sources */,
			);
			runOnlyForDeploymentPostprocessing = 0;
		};
/* End PBXSourcesBuildPhase section */

/* Begin PBXVariantGroup section */
		F80107D72538F0B2003BC70F /* Main.storyboard */ = {
			isa = PBXVariantGroup;
			children = (
				F80107D82538F0B2003BC70F /* Base */,
			);
			name = Main.storyboard;
			sourceTree = "<group>";
		};
		F80107DC2538F0B8003BC70F /* LaunchScreen.storyboard */ = {
			isa = PBXVariantGroup;
			children = (
				F80107DD2538F0B8003BC70F /* Base */,
			);
			name = LaunchScreen.storyboard;
			sourceTree = "<group>";
		};
/* End PBXVariantGroup section */

/* Begin XCBuildConfiguration section */
		F80107E02538F0B8003BC70F /* Debug */ = {
			isa = XCBuildConfiguration;
			buildSettings = {
				ALWAYS_SEARCH_USER_PATHS = NO;
				CLANG_ANALYZER_NONNULL = YES;
				CLANG_ANALYZER_NUMBER_OBJECT_CONVERSION = YES_AGGRESSIVE;
				CLANG_CXX_LANGUAGE_STANDARD = "gnu++14";
				CLANG_CXX_LIBRARY = "libc++";
				CLANG_ENABLE_MODULES = YES;
				CLANG_ENABLE_OBJC_ARC = YES;
				CLANG_ENABLE_OBJC_WEAK = YES;
				CLANG_WARN_BLOCK_CAPTURE_AUTORELEASING = YES;
				CLANG_WARN_BOOL_CONVERSION = YES;
				CLANG_WARN_COMMA = YES;
				CLANG_WARN_CONSTANT_CONVERSION = YES;
				CLANG_WARN_DEPRECATED_OBJC_IMPLEMENTATIONS = YES;
				CLANG_WARN_DIRECT_OBJC_ISA_USAGE = YES_ERROR;
				CLANG_WARN_DOCUMENTATION_COMMENTS = YES;
				CLANG_WARN_EMPTY_BODY = YES;
				CLANG_WARN_ENUM_CONVERSION = YES;
				CLANG_WARN_INFINITE_RECURSION = YES;
				CLANG_WARN_INT_CONVERSION = YES;
				CLANG_WARN_NON_LITERAL_NULL_CONVERSION = YES;
				CLANG_WARN_OBJC_IMPLICIT_RETAIN_SELF = YES;
				CLANG_WARN_OBJC_LITERAL_CONVERSION = YES;
				CLANG_WARN_OBJC_ROOT_CLASS = YES_ERROR;
				CLANG_WARN_RANGE_LOOP_ANALYSIS = YES;
				CLANG_WARN_STRICT_PROTOTYPES = YES;
				CLANG_WARN_SUSPICIOUS_MOVE = YES;
				CLANG_WARN_UNGUARDED_AVAILABILITY = YES_AGGRESSIVE;
				CLANG_WARN_UNREACHABLE_CODE = YES;
				CLANG_WARN__DUPLICATE_METHOD_MATCH = YES;
				COPY_PHASE_STRIP = NO;
				DEBUG_INFORMATION_FORMAT = dwarf;
				ENABLE_STRICT_OBJC_MSGSEND = YES;
				ENABLE_TESTABILITY = YES;
				GCC_C_LANGUAGE_STANDARD = gnu11;
				GCC_DYNAMIC_NO_PIC = NO;
				GCC_NO_COMMON_BLOCKS = YES;
				GCC_OPTIMIZATION_LEVEL = 0;
				GCC_PREPROCESSOR_DEFINITIONS = (
					"DEBUG=1",
					"$(inherited)",
				);
				GCC_WARN_64_TO_32_BIT_CONVERSION = YES;
				GCC_WARN_ABOUT_RETURN_TYPE = YES_ERROR;
				GCC_WARN_UNDECLARED_SELECTOR = YES;
				GCC_WARN_UNINITIALIZED_AUTOS = YES_AGGRESSIVE;
				GCC_WARN_UNUSED_FUNCTION = YES;
				GCC_WARN_UNUSED_VARIABLE = YES;
				IPHONEOS_DEPLOYMENT_TARGET = 13.5;
				MTL_ENABLE_DEBUG_INFO = INCLUDE_SOURCE;
				MTL_FAST_MATH = YES;
				ONLY_ACTIVE_ARCH = YES;
				SDKROOT = iphoneos;
				SWIFT_ACTIVE_COMPILATION_CONDITIONS = DEBUG;
				SWIFT_OPTIMIZATION_LEVEL = "-Onone";
			};
			name = Debug;
		};
		F80107E12538F0B8003BC70F /* Release */ = {
			isa = XCBuildConfiguration;
			buildSettings = {
				ALWAYS_SEARCH_USER_PATHS = NO;
				CLANG_ANALYZER_NONNULL = YES;
				CLANG_ANALYZER_NUMBER_OBJECT_CONVERSION = YES_AGGRESSIVE;
				CLANG_CXX_LANGUAGE_STANDARD = "gnu++14";
				CLANG_CXX_LIBRARY = "libc++";
				CLANG_ENABLE_MODULES = YES;
				CLANG_ENABLE_OBJC_ARC = YES;
				CLANG_ENABLE_OBJC_WEAK = YES;
				CLANG_WARN_BLOCK_CAPTURE_AUTORELEASING = YES;
				CLANG_WARN_BOOL_CONVERSION = YES;
				CLANG_WARN_COMMA = YES;
				CLANG_WARN_CONSTANT_CONVERSION = YES;
				CLANG_WARN_DEPRECATED_OBJC_IMPLEMENTATIONS = YES;
				CLANG_WARN_DIRECT_OBJC_ISA_USAGE = YES_ERROR;
				CLANG_WARN_DOCUMENTATION_COMMENTS = YES;
				CLANG_WARN_EMPTY_BODY = YES;
				CLANG_WARN_ENUM_CONVERSION = YES;
				CLANG_WARN_INFINITE_RECURSION = YES;
				CLANG_WARN_INT_CONVERSION = YES;
				CLANG_WARN_NON_LITERAL_NULL_CONVERSION = YES;
				CLANG_WARN_OBJC_IMPLICIT_RETAIN_SELF = YES;
				CLANG_WARN_OBJC_LITERAL_CONVERSION = YES;
				CLANG_WARN_OBJC_ROOT_CLASS = YES_ERROR;
				CLANG_WARN_RANGE_LOOP_ANALYSIS = YES;
				CLANG_WARN_STRICT_PROTOTYPES = YES;
				CLANG_WARN_SUSPICIOUS_MOVE = YES;
				CLANG_WARN_UNGUARDED_AVAILABILITY = YES_AGGRESSIVE;
				CLANG_WARN_UNREACHABLE_CODE = YES;
				CLANG_WARN__DUPLICATE_METHOD_MATCH = YES;
				COPY_PHASE_STRIP = NO;
				DEBUG_INFORMATION_FORMAT = "dwarf-with-dsym";
				ENABLE_NS_ASSERTIONS = NO;
				ENABLE_STRICT_OBJC_MSGSEND = YES;
				GCC_C_LANGUAGE_STANDARD = gnu11;
				GCC_NO_COMMON_BLOCKS = YES;
				GCC_WARN_64_TO_32_BIT_CONVERSION = YES;
				GCC_WARN_ABOUT_RETURN_TYPE = YES_ERROR;
				GCC_WARN_UNDECLARED_SELECTOR = YES;
				GCC_WARN_UNINITIALIZED_AUTOS = YES_AGGRESSIVE;
				GCC_WARN_UNUSED_FUNCTION = YES;
				GCC_WARN_UNUSED_VARIABLE = YES;
				IPHONEOS_DEPLOYMENT_TARGET = 13.5;
				MTL_ENABLE_DEBUG_INFO = NO;
				MTL_FAST_MATH = YES;
				SDKROOT = iphoneos;
				SWIFT_COMPILATION_MODE = wholemodule;
				SWIFT_OPTIMIZATION_LEVEL = "-O";
				VALIDATE_PRODUCT = YES;
			};
			name = Release;
		};
		F80107E32538F0B8003BC70F /* Debug */ = {
			isa = XCBuildConfiguration;
			baseConfigurationReference = 31E1E04CF07F07FA30B52E7C /* Pods-Hona.debug.xcconfig */;
			buildSettings = {
				ASSETCATALOG_COMPILER_APPICON_NAME = AppIcon;
				CODE_SIGN_STYLE = Automatic;
				DEVELOPMENT_TEAM = TMT9F353BJ;
				INFOPLIST_FILE = Hona/Info.plist;
				LD_RUNPATH_SEARCH_PATHS = (
					"$(inherited)",
					"@executable_path/Frameworks",
				);
				PRODUCT_BUNDLE_IDENTIFIER = com.kuwaitcodes.com;
				PRODUCT_NAME = "$(TARGET_NAME)";
				SWIFT_VERSION = 5.0;
				TARGETED_DEVICE_FAMILY = "1,2";
			};
			name = Debug;
		};
		F80107E42538F0B8003BC70F /* Release */ = {
			isa = XCBuildConfiguration;
			baseConfigurationReference = 23B993B9241078989A16DF7F /* Pods-Hona.release.xcconfig */;
			buildSettings = {
				ASSETCATALOG_COMPILER_APPICON_NAME = AppIcon;
				CODE_SIGN_STYLE = Automatic;
				DEVELOPMENT_TEAM = TMT9F353BJ;
				INFOPLIST_FILE = Hona/Info.plist;
				LD_RUNPATH_SEARCH_PATHS = (
					"$(inherited)",
					"@executable_path/Frameworks",
				);
				PRODUCT_BUNDLE_IDENTIFIER = com.kuwaitcodes.com;
				PRODUCT_NAME = "$(TARGET_NAME)";
				SWIFT_VERSION = 5.0;
				TARGETED_DEVICE_FAMILY = "1,2";
			};
			name = Release;
		};
/* End XCBuildConfiguration section */

/* Begin XCConfigurationList section */
		F80107C92538F0B2003BC70F /* Build configuration list for PBXProject "Hona" */ = {
			isa = XCConfigurationList;
			buildConfigurations = (
				F80107E02538F0B8003BC70F /* Debug */,
				F80107E12538F0B8003BC70F /* Release */,
			);
			defaultConfigurationIsVisible = 0;
			defaultConfigurationName = Release;
		};
		F80107E22538F0B8003BC70F /* Build configuration list for PBXNativeTarget "Hona" */ = {
			isa = XCConfigurationList;
			buildConfigurations = (
				F80107E32538F0B8003BC70F /* Debug */,
				F80107E42538F0B8003BC70F /* Release */,
			);
			defaultConfigurationIsVisible = 0;
			defaultConfigurationName = Release;
		};
/* End XCConfigurationList section */
	};
	rootObject = F80107C62538F0B2003BC70F /* Project object */;
}
